
Microsoft Visual Studio Solution File, Format Version 12.00
# Visual Studio Version 17
VisualStudioVersion = 17.3.32929.385
MinimumVisualStudioVersion = 10.0.40219.1
Project("{2150E333-8FDC-42A3-9474-1A3956D46DE8}") = "Criational_Patterns", "Criational_Patterns", "{E7CC3245-6266-4B16-8E44-3C0630685814}"
EndProject
Project("{2150E333-8FDC-42A3-9474-1A3956D46DE8}") = "Arquitectural_Patterns", "Arquitectural_Patterns", "{33007B0B-121A-45A3-B387-62D9D5CEAC2A}"
EndProject
Project("{2150E333-8FDC-42A3-9474-1A3956D46DE8}") = "Behavioural_Patterns", "Behavioural_Patterns", "{88827B1D-0E29-4AF6-A1A6-FDC91B537E3E}"
EndProject
Project("{FAE04EC0-301F-11D3-BF4B-00C04F79EFBC}") = "ExecutePatterns", "src\Criational_Patterns\ExecutePatterns\ExecutePatterns.csproj", "{48057E8A-F3FE-4284-9E70-AF42DE223474}"
EndProject
Project("{FAE04EC0-301F-11D3-BF4B-00C04F79EFBC}") = "ExecutePatterns", "src\Behavioural_Patterns\ExecutePatterns\ExecutePatterns.csproj", "{66585B50-3514-40BD-832C-C2C7780CE246}"
EndProject
Project("{FAE04EC0-301F-11D3-BF4B-00C04F79EFBC}") = "ExecutePatterns", "src\Arquitectural_Patterns\ExecutePatterns\ExecutePatterns.csproj", "{1C6739FF-9670-47DF-AC5F-2C511518F115}"
EndProject
Project("{FAE04EC0-301F-11D3-BF4B-00C04F79EFBC}") = "Simple_Factory", "src\Criational_Patterns\Simple_Factory\Simple_Factory.csproj", "{AF026689-4096-4647-B582-CCE599D3C27A}"
EndProject
Project("{FAE04EC0-301F-11D3-BF4B-00C04F79EFBC}") = "Factory_Method", "src\Criational_Patterns\Factory_Method\Factory_Method.csproj", "{937B81B4-B65D-4073-B350-E383358E9090}"
EndProject
Project("{FAE04EC0-301F-11D3-BF4B-00C04F79EFBC}") = "Abstract_Factory", "src\Criational_Patterns\Abstract_Factory\Abstract_Factory.csproj", "{E02D13B0-03B2-4298-83D1-B3A898CB6E0F}"
EndProject
Project("{2150E333-8FDC-42A3-9474-1A3956D46DE8}") = "Patterns", "Patterns", "{F3148093-3703-4C3D-9882-176E7E773D57}"
EndProject
Project("{FAE04EC0-301F-11D3-BF4B-00C04F79EFBC}") = "Singleton", "src\Criational_Patterns\Singleton\Singleton.csproj", "{5E5A7F9F-43CF-4F86-BC9F-D020D378FEFF}"
EndProject
Project("{FAE04EC0-301F-11D3-BF4B-00C04F79EFBC}") = "Prototype", "src\Criational_Patterns\Prototype\Prototype.csproj", "{F48D7E6D-7683-42FA-B254-E258D3E26EB0}"
EndProject
Project("{FAE04EC0-301F-11D3-BF4B-00C04F79EFBC}") = "Builder", "src\Criational_Patterns\Builder\Builder.csproj", "{D9DA5B44-6D2E-4F9B-A9B3-1A0B07EA3305}"
EndProject
Global
	GlobalSection(SolutionConfigurationPlatforms) = preSolution
		Debug|Any CPU = Debug|Any CPU
		Release|Any CPU = Release|Any CPU
	EndGlobalSection
	GlobalSection(ProjectConfigurationPlatforms) = postSolution
		{48057E8A-F3FE-4284-9E70-AF42DE223474}.Debug|Any CPU.ActiveCfg = Debug|Any CPU
		{48057E8A-F3FE-4284-9E70-AF42DE223474}.Debug|Any CPU.Build.0 = Debug|Any CPU
		{48057E8A-F3FE-4284-9E70-AF42DE223474}.Release|Any CPU.ActiveCfg = Release|Any CPU
		{48057E8A-F3FE-4284-9E70-AF42DE223474}.Release|Any CPU.Build.0 = Release|Any CPU
		{66585B50-3514-40BD-832C-C2C7780CE246}.Debug|Any CPU.ActiveCfg = Debug|Any CPU
		{66585B50-3514-40BD-832C-C2C7780CE246}.Debug|Any CPU.Build.0 = Debug|Any CPU
		{66585B50-3514-40BD-832C-C2C7780CE246}.Release|Any CPU.ActiveCfg = Release|Any CPU
		{66585B50-3514-40BD-832C-C2C7780CE246}.Release|Any CPU.Build.0 = Release|Any CPU
		{1C6739FF-9670-47DF-AC5F-2C511518F115}.Debug|Any CPU.ActiveCfg = Debug|Any CPU
		{1C6739FF-9670-47DF-AC5F-2C511518F115}.Debug|Any CPU.Build.0 = Debug|Any CPU
		{1C6739FF-9670-47DF-AC5F-2C511518F115}.Release|Any CPU.ActiveCfg = Release|Any CPU
		{1C6739FF-9670-47DF-AC5F-2C511518F115}.Release|Any CPU.Build.0 = Release|Any CPU
		{AF026689-4096-4647-B582-CCE599D3C27A}.Debug|Any CPU.ActiveCfg = Debug|Any CPU
		{AF026689-4096-4647-B582-CCE599D3C27A}.Debug|Any CPU.Build.0 = Debug|Any CPU
		{AF026689-4096-4647-B582-CCE599D3C27A}.Release|Any CPU.ActiveCfg = Release|Any CPU
		{AF026689-4096-4647-B582-CCE599D3C27A}.Release|Any CPU.Build.0 = Release|Any CPU
		{937B81B4-B65D-4073-B350-E383358E9090}.Debug|Any CPU.ActiveCfg = Debug|Any CPU
		{937B81B4-B65D-4073-B350-E383358E9090}.Debug|Any CPU.Build.0 = Debug|Any CPU
		{937B81B4-B65D-4073-B350-E383358E9090}.Release|Any CPU.ActiveCfg = Release|Any CPU
		{937B81B4-B65D-4073-B350-E383358E9090}.Release|Any CPU.Build.0 = Release|Any CPU
		{E02D13B0-03B2-4298-83D1-B3A898CB6E0F}.Debug|Any CPU.ActiveCfg = Debug|Any CPU
		{E02D13B0-03B2-4298-83D1-B3A898CB6E0F}.Debug|Any CPU.Build.0 = Debug|Any CPU
		{E02D13B0-03B2-4298-83D1-B3A898CB6E0F}.Release|Any CPU.ActiveCfg = Release|Any CPU
		{E02D13B0-03B2-4298-83D1-B3A898CB6E0F}.Release|Any CPU.Build.0 = Release|Any CPU
		{5E5A7F9F-43CF-4F86-BC9F-D020D378FEFF}.Debug|Any CPU.ActiveCfg = Debug|Any CPU
		{5E5A7F9F-43CF-4F86-BC9F-D020D378FEFF}.Debug|Any CPU.Build.0 = Debug|Any CPU
		{5E5A7F9F-43CF-4F86-BC9F-D020D378FEFF}.Release|Any CPU.ActiveCfg = Release|Any CPU
		{5E5A7F9F-43CF-4F86-BC9F-D020D378FEFF}.Release|Any CPU.Build.0 = Release|Any CPU
		{F48D7E6D-7683-42FA-B254-E258D3E26EB0}.Debug|Any CPU.ActiveCfg = Debug|Any CPU
		{F48D7E6D-7683-42FA-B254-E258D3E26EB0}.Debug|Any CPU.Build.0 = Debug|Any CPU
		{F48D7E6D-7683-42FA-B254-E258D3E26EB0}.Release|Any CPU.ActiveCfg = Release|Any CPU
		{F48D7E6D-7683-42FA-B254-E258D3E26EB0}.Release|Any CPU.Build.0 = Release|Any CPU
		{D9DA5B44-6D2E-4F9B-A9B3-1A0B07EA3305}.Debug|Any CPU.ActiveCfg = Debug|Any CPU
		{D9DA5B44-6D2E-4F9B-A9B3-1A0B07EA3305}.Debug|Any CPU.Build.0 = Debug|Any CPU
		{D9DA5B44-6D2E-4F9B-A9B3-1A0B07EA3305}.Release|Any CPU.ActiveCfg = Release|Any CPU
		{D9DA5B44-6D2E-4F9B-A9B3-1A0B07EA3305}.Release|Any CPU.Build.0 = Release|Any CPU
	EndGlobalSection
	GlobalSection(SolutionProperties) = preSolution
		HideSolutionNode = FALSE
	EndGlobalSection
	GlobalSection(NestedProjects) = preSolution
		{48057E8A-F3FE-4284-9E70-AF42DE223474} = {E7CC3245-6266-4B16-8E44-3C0630685814}
		{66585B50-3514-40BD-832C-C2C7780CE246} = {88827B1D-0E29-4AF6-A1A6-FDC91B537E3E}
		{1C6739FF-9670-47DF-AC5F-2C511518F115} = {33007B0B-121A-45A3-B387-62D9D5CEAC2A}
		{AF026689-4096-4647-B582-CCE599D3C27A} = {F3148093-3703-4C3D-9882-176E7E773D57}
		{937B81B4-B65D-4073-B350-E383358E9090} = {F3148093-3703-4C3D-9882-176E7E773D57}
		{E02D13B0-03B2-4298-83D1-B3A898CB6E0F} = {F3148093-3703-4C3D-9882-176E7E773D57}
		{F3148093-3703-4C3D-9882-176E7E773D57} = {E7CC3245-6266-4B16-8E44-3C0630685814}
		{5E5A7F9F-43CF-4F86-BC9F-D020D378FEFF} = {F3148093-3703-4C3D-9882-176E7E773D57}
		{F48D7E6D-7683-42FA-B254-E258D3E26EB0} = {F3148093-3703-4C3D-9882-176E7E773D57}
		{D9DA5B44-6D2E-4F9B-A9B3-1A0B07EA3305} = {F3148093-3703-4C3D-9882-176E7E773D57}
	EndGlobalSection
	GlobalSection(ExtensibilityGlobals) = postSolution
		SolutionGuid = {9DC398E6-C4BA-4D97-A3F1-793471AF9299}
	EndGlobalSection
EndGlobal
